// !$*UTF8*$!
{
	archiveVersion = 1;
	classes = {
	};
	objectVersion = 55;
	objects = {

/* Begin PBXBuildFile section */
		F43D79E026DE1F96002E9080 /* AnimatableSystemFontModifier.swift in Sources */ = {isa = PBXBuildFile; fileRef = F43D79DF26DE1F96002E9080 /* AnimatableSystemFontModifier.swift */; };
		F46C25FE26DAD990003A5F9D /* EmojiArtApp.swift in Sources */ = {isa = PBXBuildFile; fileRef = F46C25F026DAD98F003A5F9D /* EmojiArtApp.swift */; };
		F46C25FF26DAD990003A5F9D /* EmojiArtApp.swift in Sources */ = {isa = PBXBuildFile; fileRef = F46C25F026DAD98F003A5F9D /* EmojiArtApp.swift */; };
		F46C260026DAD990003A5F9D /* EmojiArtDocumentView.swift in Sources */ = {isa = PBXBuildFile; fileRef = F46C25F126DAD98F003A5F9D /* EmojiArtDocumentView.swift */; };
		F46C260126DAD990003A5F9D /* EmojiArtDocumentView.swift in Sources */ = {isa = PBXBuildFile; fileRef = F46C25F126DAD98F003A5F9D /* EmojiArtDocumentView.swift */; };
		F46C260226DAD990003A5F9D /* Assets.xcassets in Resources */ = {isa = PBXBuildFile; fileRef = F46C25F226DAD990003A5F9D /* Assets.xcassets */; };
		F46C260326DAD990003A5F9D /* Assets.xcassets in Resources */ = {isa = PBXBuildFile; fileRef = F46C25F226DAD990003A5F9D /* Assets.xcassets */; };
		F46C260D26DAD9F7003A5F9D /* EmojiArtModel.swift in Sources */ = {isa = PBXBuildFile; fileRef = F46C260C26DAD9F7003A5F9D /* EmojiArtModel.swift */; };
		F46C260E26DAD9F7003A5F9D /* EmojiArtModel.swift in Sources */ = {isa = PBXBuildFile; fileRef = F46C260C26DAD9F7003A5F9D /* EmojiArtModel.swift */; };
		F46C261026DADC92003A5F9D /* EmojiArtModel.Background.swift in Sources */ = {isa = PBXBuildFile; fileRef = F46C260F26DADC92003A5F9D /* EmojiArtModel.Background.swift */; };
		F46C261126DADC92003A5F9D /* EmojiArtModel.Background.swift in Sources */ = {isa = PBXBuildFile; fileRef = F46C260F26DADC92003A5F9D /* EmojiArtModel.Background.swift */; };
		F46C261326DADE2A003A5F9D /* EmojiArtDocument.swift in Sources */ = {isa = PBXBuildFile; fileRef = F46C261226DADE2A003A5F9D /* EmojiArtDocument.swift */; };
		F46C261426DADE2A003A5F9D /* EmojiArtDocument.swift in Sources */ = {isa = PBXBuildFile; fileRef = F46C261226DADE2A003A5F9D /* EmojiArtDocument.swift */; };
		F46C261726DADF63003A5F9D /* UtilityViews.swift in Sources */ = {isa = PBXBuildFile; fileRef = F46C261526DADF63003A5F9D /* UtilityViews.swift */; };
		F46C261826DADF63003A5F9D /* UtilityViews.swift in Sources */ = {isa = PBXBuildFile; fileRef = F46C261526DADF63003A5F9D /* UtilityViews.swift */; };
		F46C261926DADF63003A5F9D /* UtilityExtensions.swift in Sources */ = {isa = PBXBuildFile; fileRef = F46C261626DADF63003A5F9D /* UtilityExtensions.swift */; };
		F46C261A26DADF63003A5F9D /* UtilityExtensions.swift in Sources */ = {isa = PBXBuildFile; fileRef = F46C261626DADF63003A5F9D /* UtilityExtensions.swift */; };
/* End PBXBuildFile section */

/* Begin PBXFileReference section */
		F43D79DF26DE1F96002E9080 /* AnimatableSystemFontModifier.swift */ = {isa = PBXFileReference; lastKnownFileType = sourcecode.swift; path = AnimatableSystemFontModifier.swift; sourceTree = "<group>"; };
		F46C25F026DAD98F003A5F9D /* EmojiArtApp.swift */ = {isa = PBXFileReference; lastKnownFileType = sourcecode.swift; path = EmojiArtApp.swift; sourceTree = "<group>"; };
		F46C25F126DAD98F003A5F9D /* EmojiArtDocumentView.swift */ = {isa = PBXFileReference; lastKnownFileType = sourcecode.swift; path = EmojiArtDocumentView.swift; sourceTree = "<group>"; };
		F46C25F226DAD990003A5F9D /* Assets.xcassets */ = {isa = PBXFileReference; lastKnownFileType = folder.assetcatalog; path = Assets.xcassets; sourceTree = "<group>"; };
		F46C25F726DAD990003A5F9D /* EmojiArt.app */ = {isa = PBXFileReference; explicitFileType = wrapper.application; includeInIndex = 0; path = EmojiArt.app; sourceTree = BUILT_PRODUCTS_DIR; };
		F46C25FD26DAD990003A5F9D /* EmojiArt.app */ = {isa = PBXFileReference; explicitFileType = wrapper.application; includeInIndex = 0; path = EmojiArt.app; sourceTree = BUILT_PRODUCTS_DIR; };
		F46C260C26DAD9F7003A5F9D /* EmojiArtModel.swift */ = {isa = PBXFileReference; lastKnownFileType = sourcecode.swift; path = EmojiArtModel.swift; sourceTree = "<group>"; };
		F46C260F26DADC92003A5F9D /* EmojiArtModel.Background.swift */ = {isa = PBXFileReference; lastKnownFileType = sourcecode.swift; path = EmojiArtModel.Background.swift; sourceTree = "<group>"; };
		F46C261226DADE2A003A5F9D /* EmojiArtDocument.swift */ = {isa = PBXFileReference; lastKnownFileType = sourcecode.swift; path = EmojiArtDocument.swift; sourceTree = "<group>"; };
		F46C261526DADF63003A5F9D /* UtilityViews.swift */ = {isa = PBXFileReference; fileEncoding = 4; lastKnownFileType = sourcecode.swift; path = UtilityViews.swift; sourceTree = "<group>"; };
		F46C261626DADF63003A5F9D /* UtilityExtensions.swift */ = {isa = PBXFileReference; fileEncoding = 4; lastKnownFileType = sourcecode.swift; path = UtilityExtensions.swift; sourceTree = "<group>"; };
/* End PBXFileReference section */

/* Begin PBXFrameworksBuildPhase section */
		F46C25F426DAD990003A5F9D /* Frameworks */ = {
			isa = PBXFrameworksBuildPhase;
			buildActionMask = 2147483647;
			files = (
			);
			runOnlyForDeploymentPostprocessing = 0;
		};
		F46C25FA26DAD990003A5F9D /* Frameworks */ = {
			isa = PBXFrameworksBuildPhase;
			buildActionMask = 2147483647;
			files = (
			);
			runOnlyForDeploymentPostprocessing = 0;
		};
/* End PBXFrameworksBuildPhase section */

/* Begin PBXGroup section */
		F46C25EA26DAD98F003A5F9D = {
			isa = PBXGroup;
			children = (
				F46C25EF26DAD98F003A5F9D /* Shared */,
				F46C25F826DAD990003A5F9D /* Products */,
			);
			sourceTree = "<group>";
		};
		F46C25EF26DAD98F003A5F9D /* Shared */ = {
			isa = PBXGroup;
			children = (
				F43D79DF26DE1F96002E9080 /* AnimatableSystemFontModifier.swift */,
				F46C25F026DAD98F003A5F9D /* EmojiArtApp.swift */,
				F46C25F126DAD98F003A5F9D /* EmojiArtDocumentView.swift */,
				F46C260C26DAD9F7003A5F9D /* EmojiArtModel.swift */,
				F46C261226DADE2A003A5F9D /* EmojiArtDocument.swift */,
				F46C260F26DADC92003A5F9D /* EmojiArtModel.Background.swift */,
				F46C261626DADF63003A5F9D /* UtilityExtensions.swift */,
				F46C261526DADF63003A5F9D /* UtilityViews.swift */,
				F46C25F226DAD990003A5F9D /* Assets.xcassets */,
			);
			path = Shared;
			sourceTree = "<group>";
		};
		F46C25F826DAD990003A5F9D /* Products */ = {
			isa = PBXGroup;
			children = (
				F46C25F726DAD990003A5F9D /* EmojiArt.app */,
				F46C25FD26DAD990003A5F9D /* EmojiArt.app */,
			);
			name = Products;
			sourceTree = "<group>";
		};
/* End PBXGroup section */

/* Begin PBXNativeTarget section */
		F46C25F626DAD990003A5F9D /* EmojiArt (iOS) */ = {
			isa = PBXNativeTarget;
			buildConfigurationList = F46C260626DAD990003A5F9D /* Build configuration list for PBXNativeTarget "EmojiArt (iOS)" */;
			buildPhases = (
				F46C25F326DAD990003A5F9D /* Sources */,
				F46C25F426DAD990003A5F9D /* Frameworks */,
				F46C25F526DAD990003A5F9D /* Resources */,
			);
			buildRules = (
			);
			dependencies = (
			);
			name = "EmojiArt (iOS)";
			productName = "EmojiArt (iOS)";
			productReference = F46C25F726DAD990003A5F9D /* EmojiArt.app */;
			productType = "com.apple.product-type.application";
		};
		F46C25FC26DAD990003A5F9D /* EmojiArt (macOS) */ = {
			isa = PBXNativeTarget;
			buildConfigurationList = F46C260926DAD990003A5F9D /* Build configuration list for PBXNativeTarget "EmojiArt (macOS)" */;
			buildPhases = (
				F46C25F926DAD990003A5F9D /* Sources */,
				F46C25FA26DAD990003A5F9D /* Frameworks */,
				F46C25FB26DAD990003A5F9D /* Resources */,
			);
			buildRules = (
			);
			dependencies = (
			);
			name = "EmojiArt (macOS)";
			productName = "EmojiArt (macOS)";
			productReference = F46C25FD26DAD990003A5F9D /* EmojiArt.app */;
			productType = "com.apple.product-type.application";
		};
/* End PBXNativeTarget section */

/* Begin PBXProject section */
		F46C25EB26DAD98F003A5F9D /* Project object */ = {
			isa = PBXProject;
			attributes = {
				BuildIndependentTargetsInParallel = 1;
				LastSwiftUpdateCheck = 1300;
				LastUpgradeCheck = 1300;
				TargetAttributes = {
					F46C25F626DAD990003A5F9D = {
						CreatedOnToolsVersion = 13.0;
					};
					F46C25FC26DAD990003A5F9D = {
						CreatedOnToolsVersion = 13.0;
					};
				};
			};
			buildConfigurationList = F46C25EE26DAD98F003A5F9D /* Build configuration list for PBXProject "EmojiArt" */;
			compatibilityVersion = "Xcode 13.0";
			developmentRegion = en;
			hasScannedForEncodings = 0;
			knownRegions = (
				en,
				Base,
			);
			mainGroup = F46C25EA26DAD98F003A5F9D;
			productRefGroup = F46C25F826DAD990003A5F9D /* Products */;
			projectDirPath = "";
			projectRoot = "";
			targets = (
				F46C25F626DAD990003A5F9D /* EmojiArt (iOS) */,
				F46C25FC26DAD990003A5F9D /* EmojiArt (macOS) */,
			);
		};
/* End PBXProject section */

/* Begin PBXResourcesBuildPhase section */
		F46C25F526DAD990003A5F9D /* Resources */ = {
			isa = PBXResourcesBuildPhase;
			buildActionMask = 2147483647;
			files = (
				F46C260226DAD990003A5F9D /* Assets.xcassets in Resources */,
			);
			runOnlyForDeploymentPostprocessing = 0;
		};
		F46C25FB26DAD990003A5F9D /* Resources */ = {
			isa = PBXResourcesBuildPhase;
			buildActionMask = 2147483647;
			files = (
				F46C260326DAD990003A5F9D /* Assets.xcassets in Resources */,
			);
			runOnlyForDeploymentPostprocessing = 0;
		};
/* End PBXResourcesBuildPhase section */

/* Begin PBXSourcesBuildPhase section */
		F46C25F326DAD990003A5F9D /* Sources */ = {
			isa = PBXSourcesBuildPhase;
			buildActionMask = 2147483647;
			files = (
				F46C260026DAD990003A5F9D /* EmojiArtDocumentView.swift in Sources */,
				F46C25FE26DAD990003A5F9D /* EmojiArtApp.swift in Sources */,
				F46C261326DADE2A003A5F9D /* EmojiArtDocument.swift in Sources */,
				F46C261926DADF63003A5F9D /* UtilityExtensions.swift in Sources */,
				F46C260D26DAD9F7003A5F9D /* EmojiArtModel.swift in Sources */,
				F46C261026DADC92003A5F9D /* EmojiArtModel.Background.swift in Sources */,
				F43D79E026DE1F96002E9080 /* AnimatableSystemFontModifier.swift in Sources */,
				F46C261726DADF63003A5F9D /* UtilityViews.swift in Sources */,
			);
			runOnlyForDeploymentPostprocessing = 0;
		};
		F46C25F926DAD990003A5F9D /* Sources */ = {
			isa = PBXSourcesBuildPhase;
			buildActionMask = 2147483647;
			files = (
				F46C260126DAD990003A5F9D /* EmojiArtDocumentView.swift in Sources */,
				F46C25FF26DAD990003A5F9D /* EmojiArtApp.swift in Sources */,
				F46C261426DADE2A003A5F9D /* EmojiArtDocument.swift in Sources */,
				F46C261A26DADF63003A5F9D /* UtilityExtensions.swift in Sources */,
				F46C260E26DAD9F7003A5F9D /* EmojiArtModel.swift in Sources */,
				F46C261126DADC92003A5F9D /* EmojiArtModel.Background.swift in Sources */,
				F46C261826DADF63003A5F9D /* UtilityViews.swift in Sources */,
			);
			runOnlyForDeploymentPostprocessing = 0;
		};
/* End PBXSourcesBuildPhase section */

/* Begin XCBuildConfiguration section */
		F46C260426DAD990003A5F9D /* Debug */ = {
			isa = XCBuildConfiguration;
			buildSettings = {
				ALWAYS_SEARCH_USER_PATHS = NO;
				CLANG_ANALYZER_NONNULL = YES;
				CLANG_ANALYZER_NUMBER_OBJECT_CONVERSION = YES_AGGRESSIVE;
				CLANG_CXX_LANGUAGE_STANDARD = "gnu++17";
				CLANG_CXX_LIBRARY = "libc++";
				CLANG_ENABLE_MODULES = YES;
				CLANG_ENABLE_OBJC_ARC = YES;
				CLANG_ENABLE_OBJC_WEAK = YES;
				CLANG_WARN_BLOCK_CAPTURE_AUTORELEASING = YES;
				CLANG_WARN_BOOL_CONVERSION = YES;
				CLANG_WARN_COMMA = YES;
				CLANG_WARN_CONSTANT_CONVERSION = YES;
				CLANG_WARN_DEPRECATED_OBJC_IMPLEMENTATIONS = YES;
				CLANG_WARN_DIRECT_OBJC_ISA_USAGE = YES_ERROR;
				CLANG_WARN_DOCUMENTATION_COMMENTS = YES;
				CLANG_WARN_EMPTY_BODY = YES;
				CLANG_WARN_ENUM_CONVERSION = YES;
				CLANG_WARN_INFINITE_RECURSION = YES;
				CLANG_WARN_INT_CONVERSION = YES;
				CLANG_WARN_NON_LITERAL_NULL_CONVERSION = YES;
				CLANG_WARN_OBJC_IMPLICIT_RETAIN_SELF = YES;
				CLANG_WARN_OBJC_LITERAL_CONVERSION = YES;
				CLANG_WARN_OBJC_ROOT_CLASS = YES_ERROR;
				CLANG_WARN_QUOTED_INCLUDE_IN_FRAMEWORK_HEADER = YES;
				CLANG_WARN_RANGE_LOOP_ANALYSIS = YES;
				CLANG_WARN_STRICT_PROTOTYPES = YES;
				CLANG_WARN_SUSPICIOUS_MOVE = YES;
				CLANG_WARN_UNGUARDED_AVAILABILITY = YES_AGGRESSIVE;
				CLANG_WARN_UNREACHABLE_CODE = YES;
				CLANG_WARN__DUPLICATE_METHOD_MATCH = YES;
				COPY_PHASE_STRIP = NO;
				DEBUG_INFORMATION_FORMAT = dwarf;
				ENABLE_STRICT_OBJC_MSGSEND = YES;
				ENABLE_TESTABILITY = YES;
				GCC_C_LANGUAGE_STANDARD = gnu11;
				GCC_DYNAMIC_NO_PIC = NO;
				GCC_NO_COMMON_BLOCKS = YES;
				GCC_OPTIMIZATION_LEVEL = 0;
				GCC_PREPROCESSOR_DEFINITIONS = (
					"DEBUG=1",
					"$(inherited)",
				);
				GCC_WARN_64_TO_32_BIT_CONVERSION = YES;
				GCC_WARN_ABOUT_RETURN_TYPE = YES_ERROR;
				GCC_WARN_UNDECLARED_SELECTOR = YES;
				GCC_WARN_UNINITIALIZED_AUTOS = YES_AGGRESSIVE;
				GCC_WARN_UNUSED_FUNCTION = YES;
				GCC_WARN_UNUSED_VARIABLE = YES;
				MTL_ENABLE_DEBUG_INFO = INCLUDE_SOURCE;
				MTL_FAST_MATH = YES;
				ONLY_ACTIVE_ARCH = YES;
				SWIFT_ACTIVE_COMPILATION_CONDITIONS = DEBUG;
				SWIFT_OPTIMIZATION_LEVEL = "-Onone";
			};
			name = Debug;
		};
		F46C260526DAD990003A5F9D /* Release */ = {
			isa = XCBuildConfiguration;
			buildSettings = {
				ALWAYS_SEARCH_USER_PATHS = NO;
				CLANG_ANALYZER_NONNULL = YES;
				CLANG_ANALYZER_NUMBER_OBJECT_CONVERSION = YES_AGGRESSIVE;
				CLANG_CXX_LANGUAGE_STANDARD = "gnu++17";
				CLANG_CXX_LIBRARY = "libc++";
				CLANG_ENABLE_MODULES = YES;
				CLANG_ENABLE_OBJC_ARC = YES;
				CLANG_ENABLE_OBJC_WEAK = YES;
				CLANG_WARN_BLOCK_CAPTURE_AUTORELEASING = YES;
				CLANG_WARN_BOOL_CONVERSION = YES;
				CLANG_WARN_COMMA = YES;
				CLANG_WARN_CONSTANT_CONVERSION = YES;
				CLANG_WARN_DEPRECATED_OBJC_IMPLEMENTATIONS = YES;
				CLANG_WARN_DIRECT_OBJC_ISA_USAGE = YES_ERROR;
				CLANG_WARN_DOCUMENTATION_COMMENTS = YES;
				CLANG_WARN_EMPTY_BODY = YES;
				CLANG_WARN_ENUM_CONVERSION = YES;
				CLANG_WARN_INFINITE_RECURSION = YES;
				CLANG_WARN_INT_CONVERSION = YES;
				CLANG_WARN_NON_LITERAL_NULL_CONVERSION = YES;
				CLANG_WARN_OBJC_IMPLICIT_RETAIN_SELF = YES;
				CLANG_WARN_OBJC_LITERAL_CONVERSION = YES;
				CLANG_WARN_OBJC_ROOT_CLASS = YES_ERROR;
				CLANG_WARN_QUOTED_INCLUDE_IN_FRAMEWORK_HEADER = YES;
				CLANG_WARN_RANGE_LOOP_ANALYSIS = YES;
				CLANG_WARN_STRICT_PROTOTYPES = YES;
				CLANG_WARN_SUSPICIOUS_MOVE = YES;
				CLANG_WARN_UNGUARDED_AVAILABILITY = YES_AGGRESSIVE;
				CLANG_WARN_UNREACHABLE_CODE = YES;
				CLANG_WARN__DUPLICATE_METHOD_MATCH = YES;
				COPY_PHASE_STRIP = NO;
				DEBUG_INFORMATION_FORMAT = "dwarf-with-dsym";
				ENABLE_NS_ASSERTIONS = NO;
				ENABLE_STRICT_OBJC_MSGSEND = YES;
				GCC_C_LANGUAGE_STANDARD = gnu11;
				GCC_NO_COMMON_BLOCKS = YES;
				GCC_WARN_64_TO_32_BIT_CONVERSION = YES;
				GCC_WARN_ABOUT_RETURN_TYPE = YES_ERROR;
				GCC_WARN_UNDECLARED_SELECTOR = YES;
				GCC_WARN_UNINITIALIZED_AUTOS = YES_AGGRESSIVE;
				GCC_WARN_UNUSED_FUNCTION = YES;
				GCC_WARN_UNUSED_VARIABLE = YES;
				MTL_ENABLE_DEBUG_INFO = NO;
				MTL_FAST_MATH = YES;
				SWIFT_COMPILATION_MODE = wholemodule;
				SWIFT_OPTIMIZATION_LEVEL = "-O";
			};
			name = Release;
		};
		F46C260726DAD990003A5F9D /* Debug */ = {
			isa = XCBuildConfiguration;
			buildSettings = {
				ASSETCATALOG_COMPILER_APPICON_NAME = AppIcon;
				ASSETCATALOG_COMPILER_GLOBAL_ACCENT_COLOR_NAME = AccentColor;
				CODE_SIGN_STYLE = Automatic;
				CURRENT_PROJECT_VERSION = 1;
				DEVELOPMENT_TEAM = 9LLQNF6L4W;
				ENABLE_PREVIEWS = YES;
				GENERATE_INFOPLIST_FILE = YES;
				INFOPLIST_KEY_UIApplicationSceneManifest_Generation = YES;
				INFOPLIST_KEY_UIApplicationSupportsIndirectInputEvents = YES;
				INFOPLIST_KEY_UILaunchScreen_Generation = YES;
				INFOPLIST_KEY_UISupportedInterfaceOrientations_iPad = "UIInterfaceOrientationPortrait UIInterfaceOrientationPortraitUpsideDown UIInterfaceOrientationLandscapeLeft UIInterfaceOrientationLandscapeRight";
				INFOPLIST_KEY_UISupportedInterfaceOrientations_iPhone = "UIInterfaceOrientationPortrait UIInterfaceOrientationLandscapeLeft UIInterfaceOrientationLandscapeRight";
				IPHONEOS_DEPLOYMENT_TARGET = 14.0;
				LD_RUNPATH_SEARCH_PATHS = (
					"$(inherited)",
					"@executable_path/Frameworks",
				);
				MARKETING_VERSION = 1.0;
				PRODUCT_BUNDLE_IDENTIFIER = com.rodoni.EmojiArt;
				PRODUCT_NAME = EmojiArt;
				SDKROOT = iphoneos;
				SWIFT_EMIT_LOC_STRINGS = YES;
				SWIFT_VERSION = 5.0;
				TARGETED_DEVICE_FAMILY = "1,2";
			};
			name = Debug;
		};
		F46C260826DAD990003A5F9D /* Release */ = {
			isa = XCBuildConfiguration;
			buildSettings = {
				ASSETCATALOG_COMPILER_APPICON_NAME = AppIcon;
				ASSETCATALOG_COMPILER_GLOBAL_ACCENT_COLOR_NAME = AccentColor;
				CODE_SIGN_STYLE = Automatic;
				CURRENT_PROJECT_VERSION = 1;
				DEVELOPMENT_TEAM = 9LLQNF6L4W;
				ENABLE_PREVIEWS = YES;
				GENERATE_INFOPLIST_FILE = YES;
				INFOPLIST_KEY_UIApplicationSceneManifest_Generation = YES;
				INFOPLIST_KEY_UIApplicationSupportsIndirectInputEvents = YES;
				INFOPLIST_KEY_UILaunchScreen_Generation = YES;
				INFOPLIST_KEY_UISupportedInterfaceOrientations_iPad = "UIInterfaceOrientationPortrait UIInterfaceOrientationPortraitUpsideDown UIInterfaceOrientationLandscapeLeft UIInterfaceOrientationLandscapeRight";
				INFOPLIST_KEY_UISupportedInterfaceOrientations_iPhone = "UIInterfaceOrientationPortrait UIInterfaceOrientationLandscapeLeft UIInterfaceOrientationLandscapeRight";
				IPHONEOS_DEPLOYMENT_TARGET = 14.0;
				LD_RUNPATH_SEARCH_PATHS = (
					"$(inherited)",
					"@executable_path/Frameworks",
				);
				MARKETING_VERSION = 1.0;
				PRODUCT_BUNDLE_IDENTIFIER = com.rodoni.EmojiArt;
				PRODUCT_NAME = EmojiArt;
				SDKROOT = iphoneos;
				SWIFT_EMIT_LOC_STRINGS = YES;
				SWIFT_VERSION = 5.0;
				TARGETED_DEVICE_FAMILY = "1,2";
				VALIDATE_PRODUCT = YES;
			};
			name = Release;
		};
		F46C260A26DAD990003A5F9D /* Debug */ = {
			isa = XCBuildConfiguration;
			buildSettings = {
				ASSETCATALOG_COMPILER_APPICON_NAME = AppIcon;
				ASSETCATALOG_COMPILER_GLOBAL_ACCENT_COLOR_NAME = AccentColor;
				CODE_SIGN_STYLE = Automatic;
				COMBINE_HIDPI_IMAGES = YES;
				CURRENT_PROJECT_VERSION = 1;
				DEVELOPMENT_TEAM = 9LLQNF6L4W;
				ENABLE_APP_SANDBOX = YES;
				ENABLE_HARDENED_RUNTIME = YES;
				ENABLE_PREVIEWS = YES;
				ENABLE_USER_SELECTED_FILES = readonly;
				GENERATE_INFOPLIST_FILE = YES;
				INFOPLIST_KEY_NSHumanReadableCopyright = "";
				LD_RUNPATH_SEARCH_PATHS = (
					"$(inherited)",
					"@executable_path/../Frameworks",
				);
				MACOSX_DEPLOYMENT_TARGET = 11.0;
				MARKETING_VERSION = 1.0;
				PRODUCT_BUNDLE_IDENTIFIER = com.rodoni.EmojiArt;
				PRODUCT_NAME = EmojiArt;
				SDKROOT = macosx;
				SWIFT_EMIT_LOC_STRINGS = YES;
				SWIFT_VERSION = 5.0;
			};
			name = Debug;
		};
		F46C260B26DAD990003A5F9D /* Release */ = {
			isa = XCBuildConfiguration;
			buildSettings = {
				ASSETCATALOG_COMPILER_APPICON_NAME = AppIcon;
				ASSETCATALOG_COMPILER_GLOBAL_ACCENT_COLOR_NAME = AccentColor;
				CODE_SIGN_STYLE = Automatic;
				COMBINE_HIDPI_IMAGES = YES;
				CURRENT_PROJECT_VERSION = 1;
				DEVELOPMENT_TEAM = 9LLQNF6L4W;
				ENABLE_APP_SANDBOX = YES;
				ENABLE_HARDENED_RUNTIME = YES;
				ENABLE_PREVIEWS = YES;
				ENABLE_USER_SELECTED_FILES = readonly;
				GENERATE_INFOPLIST_FILE = YES;
				INFOPLIST_KEY_NSHumanReadableCopyright = "";
				LD_RUNPATH_SEARCH_PATHS = (
					"$(inherited)",
					"@executable_path/../Frameworks",
				);
				MACOSX_DEPLOYMENT_TARGET = 11.0;
				MARKETING_VERSION = 1.0;
				PRODUCT_BUNDLE_IDENTIFIER = com.rodoni.EmojiArt;
				PRODUCT_NAME = EmojiArt;
				SDKROOT = macosx;
				SWIFT_EMIT_LOC_STRINGS = YES;
				SWIFT_VERSION = 5.0;
			};
			name = Release;
		};
/* End XCBuildConfiguration section */

/* Begin XCConfigurationList section */
		F46C25EE26DAD98F003A5F9D /* Build configuration list for PBXProject "EmojiArt" */ = {
			isa = XCConfigurationList;
			buildConfigurations = (
				F46C260426DAD990003A5F9D /* Debug */,
				F46C260526DAD990003A5F9D /* Release */,
			);
			defaultConfigurationIsVisible = 0;
			defaultConfigurationName = Release;
		};
		F46C260626DAD990003A5F9D /* Build configuration list for PBXNativeTarget "EmojiArt (iOS)" */ = {
			isa = XCConfigurationList;
			buildConfigurations = (
				F46C260726DAD990003A5F9D /* Debug */,
				F46C260826DAD990003A5F9D /* Release */,
			);
			defaultConfigurationIsVisible = 0;
			defaultConfigurationName = Release;
		};
		F46C260926DAD990003A5F9D /* Build configuration list for PBXNativeTarget "EmojiArt (macOS)" */ = {
			isa = XCConfigurationList;
			buildConfigurations = (
				F46C260A26DAD990003A5F9D /* Debug */,
				F46C260B26DAD990003A5F9D /* Release */,
			);
			defaultConfigurationIsVisible = 0;
			defaultConfigurationName = Release;
		};
/* End XCConfigurationList section */
	};
	rootObject = F46C25EB26DAD98F003A5F9D /* Project object */;
}
